// !$*UTF8*$!
{
	archiveVersion = 1;
	classes = {
	};
	objectVersion = 56;
	objects = {

/* Begin PBXBuildFile section */
		958C79F2290AD91400E06D57 /* main.cpp in Sources */ = {isa = PBXBuildFile; fileRef = 958C79F1290AD91400E06D57 /* main.cpp */; };
		958C79FC290AD95200E06D57 /* Location.cpp in Sources */ = {isa = PBXBuildFile; fileRef = 958C79F8290AD95200E06D57 /* Location.cpp */; };
		958C79FD290AD95200E06D57 /* Human.cpp in Sources */ = {isa = PBXBuildFile; fileRef = 958C79FA290AD95200E06D57 /* Human.cpp */; };
		958C7A00290AD97E00E06D57 /* libgsl.27.dylib in Frameworks */ = {isa = PBXBuildFile; fileRef = 958C79FF290AD97E00E06D57 /* libgsl.27.dylib */; };
/* End PBXBuildFile section */

/* Begin PBXCopyFilesBuildPhase section */
		958C79EC290AD91400E06D57 /* CopyFiles */ = {
			isa = PBXCopyFilesBuildPhase;
			buildActionMask = 2147483647;
			dstPath = /usr/share/man/man1/;
			dstSubfolderSpec = 0;
			files = (
			);
			runOnlyForDeploymentPostprocessing = 1;
		};
/* End PBXCopyFilesBuildPhase section */

/* Begin PBXFileReference section */
		958C79EE290AD91400E06D57 /* DengueSim */ = {isa = PBXFileReference; explicitFileType = "compiled.mach-o.executable"; includeInIndex = 0; path = DengueSim; sourceTree = BUILT_PRODUCTS_DIR; };
		958C79F1290AD91400E06D57 /* main.cpp */ = {isa = PBXFileReference; lastKnownFileType = sourcecode.cpp.cpp; path = main.cpp; sourceTree = "<group>"; };
		958C79F8290AD95200E06D57 /* Location.cpp */ = {isa = PBXFileReference; fileEncoding = 4; lastKnownFileType = sourcecode.cpp.cpp; path = Location.cpp; sourceTree = "<group>"; };
		958C79F9290AD95200E06D57 /* Human.h */ = {isa = PBXFileReference; fileEncoding = 4; lastKnownFileType = sourcecode.c.h; path = Human.h; sourceTree = "<group>"; };
		958C79FA290AD95200E06D57 /* Human.cpp */ = {isa = PBXFileReference; fileEncoding = 4; lastKnownFileType = sourcecode.cpp.cpp; path = Human.cpp; sourceTree = "<group>"; };
		958C79FB290AD95200E06D57 /* Location.h */ = {isa = PBXFileReference; fileEncoding = 4; lastKnownFileType = sourcecode.c.h; path = Location.h; sourceTree = "<group>"; };
		958C79FF290AD97E00E06D57 /* libgsl.27.dylib */ = {isa = PBXFileReference; lastKnownFileType = "compiled.mach-o.dylib"; name = libgsl.27.dylib; path = ../../../../opt/homebrew/Cellar/gsl/2.7.1/lib/libgsl.27.dylib; sourceTree = "<group>"; };
/* End PBXFileReference section */

/* Begin PBXFrameworksBuildPhase section */
		958C79EB290AD91400E06D57 /* Frameworks */ = {
			isa = PBXFrameworksBuildPhase;
			buildActionMask = 2147483647;
			files = (
				958C7A00290AD97E00E06D57 /* libgsl.27.dylib in Frameworks */,
			);
			runOnlyForDeploymentPostprocessing = 0;
		};
/* End PBXFrameworksBuildPhase section */

/* Begin PBXGroup section */
		958C79E5290AD91400E06D57 = {
			isa = PBXGroup;
			children = (
				958C79F0290AD91400E06D57 /* DengueSim */,
				958C79EF290AD91400E06D57 /* Products */,
				958C79FE290AD97E00E06D57 /* Frameworks */,
			);
			sourceTree = "<group>";
		};
		958C79EF290AD91400E06D57 /* Products */ = {
			isa = PBXGroup;
			children = (
				958C79EE290AD91400E06D57 /* DengueSim */,
			);
			name = Products;
			sourceTree = "<group>";
		};
		958C79F0290AD91400E06D57 /* DengueSim */ = {
			isa = PBXGroup;
			children = (
				958C79F1290AD91400E06D57 /* main.cpp */,
				958C79FA290AD95200E06D57 /* Human.cpp */,
				958C79F9290AD95200E06D57 /* Human.h */,
				958C79F8290AD95200E06D57 /* Location.cpp */,
				958C79FB290AD95200E06D57 /* Location.h */,
			);
			path = DengueSim;
			sourceTree = "<group>";
		};
		958C79FE290AD97E00E06D57 /* Frameworks */ = {
			isa = PBXGroup;
			children = (
				958C79FF290AD97E00E06D57 /* libgsl.27.dylib */,
			);
			name = Frameworks;
			sourceTree = "<group>";
		};
/* End PBXGroup section */

/* Begin PBXNativeTarget section */
		958C79ED290AD91400E06D57 /* DengueSim */ = {
			isa = PBXNativeTarget;
			buildConfigurationList = 958C79F5290AD91400E06D57 /* Build configuration list for PBXNativeTarget "DengueSim" */;
			buildPhases = (
				958C79EA290AD91400E06D57 /* Sources */,
				958C79EB290AD91400E06D57 /* Frameworks */,
				958C79EC290AD91400E06D57 /* CopyFiles */,
			);
			buildRules = (
			);
			dependencies = (
			);
			name = DengueSim;
			productName = DengueSim;
			productReference = 958C79EE290AD91400E06D57 /* DengueSim */;
			productType = "com.apple.product-type.tool";
		};
/* End PBXNativeTarget section */

/* Begin PBXProject section */
		958C79E6290AD91400E06D57 /* Project object */ = {
			isa = PBXProject;
			attributes = {
				BuildIndependentTargetsInParallel = 1;
				LastUpgradeCheck = 1400;
				TargetAttributes = {
					958C79ED290AD91400E06D57 = {
						CreatedOnToolsVersion = 14.0.1;
					};
				};
			};
			buildConfigurationList = 958C79E9290AD91400E06D57 /* Build configuration list for PBXProject "DengueSim" */;
			compatibilityVersion = "Xcode 14.0";
			developmentRegion = en;
			hasScannedForEncodings = 0;
			knownRegions = (
				en,
				Base,
			);
			mainGroup = 958C79E5290AD91400E06D57;
			productRefGroup = 958C79EF290AD91400E06D57 /* Products */;
			projectDirPath = "";
			projectRoot = "";
			targets = (
				958C79ED290AD91400E06D57 /* DengueSim */,
			);
		};
/* End PBXProject section */

/* Begin PBXSourcesBuildPhase section */
		958C79EA290AD91400E06D57 /* Sources */ = {
			isa = PBXSourcesBuildPhase;
			buildActionMask = 2147483647;
			files = (
				958C79FC290AD95200E06D57 /* Location.cpp in Sources */,
				958C79F2290AD91400E06D57 /* main.cpp in Sources */,
				958C79FD290AD95200E06D57 /* Human.cpp in Sources */,
			);
			runOnlyForDeploymentPostprocessing = 0;
		};
/* End PBXSourcesBuildPhase section */

/* Begin XCBuildConfiguration section */
		958C79F3290AD91400E06D57 /* Debug */ = {
			isa = XCBuildConfiguration;
			buildSettings = {
				ALWAYS_SEARCH_USER_PATHS = NO;
				CLANG_ANALYZER_NONNULL = YES;
				CLANG_ANALYZER_NUMBER_OBJECT_CONVERSION = YES_AGGRESSIVE;
				CLANG_CXX_LANGUAGE_STANDARD = "gnu++20";
				CLANG_ENABLE_MODULES = YES;
				CLANG_ENABLE_OBJC_ARC = YES;
				CLANG_ENABLE_OBJC_WEAK = YES;
				CLANG_WARN_BLOCK_CAPTURE_AUTORELEASING = YES;
				CLANG_WARN_BOOL_CONVERSION = YES;
				CLANG_WARN_COMMA = YES;
				CLANG_WARN_CONSTANT_CONVERSION = YES;
				CLANG_WARN_DEPRECATED_OBJC_IMPLEMENTATIONS = YES;
				CLANG_WARN_DIRECT_OBJC_ISA_USAGE = YES_ERROR;
				CLANG_WARN_DOCUMENTATION_COMMENTS = YES;
				CLANG_WARN_EMPTY_BODY = YES;
				CLANG_WARN_ENUM_CONVERSION = YES;
				CLANG_WARN_INFINITE_RECURSION = YES;
				CLANG_WARN_INT_CONVERSION = YES;
				CLANG_WARN_NON_LITERAL_NULL_CONVERSION = YES;
				CLANG_WARN_OBJC_IMPLICIT_RETAIN_SELF = YES;
				CLANG_WARN_OBJC_LITERAL_CONVERSION = YES;
				CLANG_WARN_OBJC_ROOT_CLASS = YES_ERROR;
				CLANG_WARN_QUOTED_INCLUDE_IN_FRAMEWORK_HEADER = YES;
				CLANG_WARN_RANGE_LOOP_ANALYSIS = YES;
				CLANG_WARN_STRICT_PROTOTYPES = YES;
				CLANG_WARN_SUSPICIOUS_MOVE = YES;
				CLANG_WARN_UNGUARDED_AVAILABILITY = YES_AGGRESSIVE;
				CLANG_WARN_UNREACHABLE_CODE = YES;
				CLANG_WARN__DUPLICATE_METHOD_MATCH = YES;
				COPY_PHASE_STRIP = NO;
				DEBUG_INFORMATION_FORMAT = dwarf;
				ENABLE_STRICT_OBJC_MSGSEND = YES;
				ENABLE_TESTABILITY = YES;
				GCC_C_LANGUAGE_STANDARD = gnu11;
				GCC_DYNAMIC_NO_PIC = NO;
				GCC_NO_COMMON_BLOCKS = YES;
				GCC_OPTIMIZATION_LEVEL = 0;
				GCC_PREPROCESSOR_DEFINITIONS = (
					"DEBUG=1",
					"$(inherited)",
				);
				GCC_WARN_64_TO_32_BIT_CONVERSION = YES;
				GCC_WARN_ABOUT_RETURN_TYPE = YES_ERROR;
				GCC_WARN_UNDECLARED_SELECTOR = YES;
				GCC_WARN_UNINITIALIZED_AUTOS = YES_AGGRESSIVE;
				GCC_WARN_UNUSED_FUNCTION = YES;
				GCC_WARN_UNUSED_VARIABLE = YES;
				HEADER_SEARCH_PATHS = (
					"/opt/homebrew/Cellar/gsl/2.7.1/include/**",
					"/usr/local/Cellar/gsl/2.7.1/include/**",
				);
				LIBRARY_SEARCH_PATHS = (
					"/opt/homebrew/Cellar/gsl/2.7.1/lib/**",
					"/usr/local/Cellar/gsl/2.7.1/lib/**",
				);
				MACOSX_DEPLOYMENT_TARGET = 12.3;
				MTL_ENABLE_DEBUG_INFO = INCLUDE_SOURCE;
				MTL_FAST_MATH = YES;
				ONLY_ACTIVE_ARCH = YES;
				SDKROOT = macosx;
			};
			name = Debug;
		};
		958C79F4290AD91400E06D57 /* Release */ = {
			isa = XCBuildConfiguration;
			buildSettings = {
				ALWAYS_SEARCH_USER_PATHS = NO;
				CLANG_ANALYZER_NONNULL = YES;
				CLANG_ANALYZER_NUMBER_OBJECT_CONVERSION = YES_AGGRESSIVE;
				CLANG_CXX_LANGUAGE_STANDARD = "gnu++20";
				CLANG_ENABLE_MODULES = YES;
				CLANG_ENABLE_OBJC_ARC = YES;
				CLANG_ENABLE_OBJC_WEAK = YES;
				CLANG_WARN_BLOCK_CAPTURE_AUTORELEASING = YES;
				CLANG_WARN_BOOL_CONVERSION = YES;
				CLANG_WARN_COMMA = YES;
				CLANG_WARN_CONSTANT_CONVERSION = YES;
				CLANG_WARN_DEPRECATED_OBJC_IMPLEMENTATIONS = YES;
				CLANG_WARN_DIRECT_OBJC_ISA_USAGE = YES_ERROR;
				CLANG_WARN_DOCUMENTATION_COMMENTS = YES;
				CLANG_WARN_EMPTY_BODY = YES;
				CLANG_WARN_ENUM_CONVERSION = YES;
				CLANG_WARN_INFINITE_RECURSION = YES;
				CLANG_WARN_INT_CONVERSION = YES;
				CLANG_WARN_NON_LITERAL_NULL_CONVERSION = YES;
				CLANG_WARN_OBJC_IMPLICIT_RETAIN_SELF = YES;
				CLANG_WARN_OBJC_LITERAL_CONVERSION = YES;
				CLANG_WARN_OBJC_ROOT_CLASS = YES_ERROR;
				CLANG_WARN_QUOTED_INCLUDE_IN_FRAMEWORK_HEADER = YES;
				CLANG_WARN_RANGE_LOOP_ANALYSIS = YES;
				CLANG_WARN_STRICT_PROTOTYPES = YES;
				CLANG_WARN_SUSPICIOUS_MOVE = YES;
				CLANG_WARN_UNGUARDED_AVAILABILITY = YES_AGGRESSIVE;
				CLANG_WARN_UNREACHABLE_CODE = YES;
				CLANG_WARN__DUPLICATE_METHOD_MATCH = YES;
				COPY_PHASE_STRIP = NO;
				DEBUG_INFORMATION_FORMAT = "dwarf-with-dsym";
				ENABLE_NS_ASSERTIONS = NO;
				ENABLE_STRICT_OBJC_MSGSEND = YES;
				GCC_C_LANGUAGE_STANDARD = gnu11;
				GCC_NO_COMMON_BLOCKS = YES;
				GCC_WARN_64_TO_32_BIT_CONVERSION = YES;
				GCC_WARN_ABOUT_RETURN_TYPE = YES_ERROR;
				GCC_WARN_UNDECLARED_SELECTOR = YES;
				GCC_WARN_UNINITIALIZED_AUTOS = YES_AGGRESSIVE;
				GCC_WARN_UNUSED_FUNCTION = YES;
				GCC_WARN_UNUSED_VARIABLE = YES;
				HEADER_SEARCH_PATHS = (
					"/opt/homebrew/Cellar/gsl/2.7.1/include/**",
					"/usr/local/Cellar/gsl/2.7.1/include/**",
				);
				LIBRARY_SEARCH_PATHS = (
					"/opt/homebrew/Cellar/gsl/2.7.1/lib/**",
					"/usr/local/Cellar/gsl/2.7.1/lib/**",
				);
				MACOSX_DEPLOYMENT_TARGET = 12.3;
				MTL_ENABLE_DEBUG_INFO = NO;
				MTL_FAST_MATH = YES;
				ONLY_ACTIVE_ARCH = YES;
				SDKROOT = macosx;
			};
			name = Release;
		};
		958C79F6290AD91400E06D57 /* Debug */ = {
			isa = XCBuildConfiguration;
			buildSettings = {
				CODE_SIGN_STYLE = Automatic;
				LIBRARY_SEARCH_PATHS = (
					"$(inherited)",
					/opt/homebrew/Cellar/gsl/2.7.1/lib,
				);
				PRODUCT_NAME = "$(TARGET_NAME)";
			};
			name = Debug;
		};
		958C79F7290AD91400E06D57 /* Release */ = {
			isa = XCBuildConfiguration;
			buildSettings = {
				CODE_SIGN_STYLE = Automatic;
				LIBRARY_SEARCH_PATHS = (
					"$(inherited)",
					/opt/homebrew/Cellar/gsl/2.7.1/lib,
				);
				PRODUCT_NAME = "$(TARGET_NAME)";
			};
			name = Release;
		};
/* End XCBuildConfiguration section */

/* Begin XCConfigurationList section */
		958C79E9290AD91400E06D57 /* Build configuration list for PBXProject "DengueSim" */ = {
			isa = XCConfigurationList;
			buildConfigurations = (
				958C79F3290AD91400E06D57 /* Debug */,
				958C79F4290AD91400E06D57 /* Release */,
			);
			defaultConfigurationIsVisible = 0;
			defaultConfigurationName = Release;
		};
		958C79F5290AD91400E06D57 /* Build configuration list for PBXNativeTarget "DengueSim" */ = {
			isa = XCConfigurationList;
			buildConfigurations = (
				958C79F6290AD91400E06D57 /* Debug */,
				958C79F7290AD91400E06D57 /* Release */,
			);
			defaultConfigurationIsVisible = 0;
			defaultConfigurationName = Release;
		};
/* End XCConfigurationList section */
	};
	rootObject = 958C79E6290AD91400E06D57 /* Project object */;
}
